
Microsoft Visual Studio Solution File, Format Version 12.00
# Visual Studio 15
VisualStudioVersion = 15.0.28307.1209
MinimumVisualStudioVersion = 10.0.40219.1
Project("{8BC9CEB8-8B4A-11D0-8D11-00A0C91BC942}") = "Sandbox", "Sandbox\Sandbox.vcxproj", "{682210F8-613C-429B-8AA4-ACB3251AAF05}"
EndProject
Project("{8BC9CEB8-8B4A-11D0-8D11-00A0C91BC942}") = "Hazel", "Hazel\Hazel.vcxproj", "{E2AD2636-A51A-4A53-AE42-D9AEE0543549}"
EndProject
Global
	GlobalSection(SolutionConfigurationPlatforms) = preSolution
		Debug|x64 = Debug|x64
		Release|x64 = Release|x64
	EndGlobalSection
	GlobalSection(ProjectConfigurationPlatforms) = postSolution
		{E2AD2636-A51A-4A53-AE42-D9AEE0543549}.Debug|x64.ActiveCfg = Debug|x64
		{E2AD2636-A51A-4A53-AE42-D9AEE0543549}.Debug|x64.Build.0 = Debug|x64
		{E2AD2636-A51A-4A53-AE42-D9AEE0543549}.Release|x64.ActiveCfg = Release|x64
		{E2AD2636-A51A-4A53-AE42-D9AEE0543549}.Release|x64.Build.0 = Release|x64
		{682210F8-613C-429B-8AA4-ACB3251AAF05}.Debug|x64.ActiveCfg = Debug|x64
		{682210F8-613C-429B-8AA4-ACB3251AAF05}.Debug|x64.Build.0 = Debug|x64
		{682210F8-613C-429B-8AA4-ACB3251AAF05}.Release|x64.ActiveCfg = Release|x64
		{682210F8-613C-429B-8AA4-ACB3251AAF05}.Release|x64.Build.0 = Release|x64
	EndGlobalSection
	GlobalSection(SolutionProperties) = preSolution
		HideSolutionNode = FALSE
	EndGlobalSection
	GlobalSection(ExtensibilityGlobals) = postSolution
		SolutionGuid = {453A1ACE-4C5B-4D17-B6C0-68DFFC606F6C}
	EndGlobalSection
EndGlobal
